
Microsoft Visual Studio Solution File, Format Version 12.00
# Visual Studio Version 16
VisualStudioVersion = 16.0.29519.87
MinimumVisualStudioVersion = 10.0.40219.1
Project("{F184B08F-C81C-45F6-A57F-5ABD9991F28F}") = "HomeworkWriteToFile", "HomeworkWriteToFile\HomeworkWriteToFile.vbproj", "{39BF2578-3DB0-4360-B2B8-44440B52F1FD}"
EndProject
Global
	GlobalSection(SolutionConfigurationPlatforms) = preSolution
		Debug|Any CPU = Debug|Any CPU
		Release|Any CPU = Release|Any CPU
	EndGlobalSection
	GlobalSection(ProjectConfigurationPlatforms) = postSolution
		{39BF2578-3DB0-4360-B2B8-44440B52F1FD}.Debug|Any CPU.ActiveCfg = Debug|Any CPU
		{39BF2578-3DB0-4360-B2B8-44440B52F1FD}.Debug|Any CPU.Build.0 = Debug|Any CPU
		{39BF2578-3DB0-4360-B2B8-44440B52F1FD}.Release|Any CPU.ActiveCfg = Release|Any CPU
		{39BF2578-3DB0-4360-B2B8-44440B52F1FD}.Release|Any CPU.Build.0 = Release|Any CPU
	EndGlobalSection
	GlobalSection(SolutionProperties) = preSolution
		HideSolutionNode = FALSE
	EndGlobalSection
	GlobalSection(ExtensibilityGlobals) = postSolution
		SolutionGuid = {227CA81A-B3BF-4428-BBE3-8B0A91087FE8}
	EndGlobalSection
EndGlobal
